
Microsoft Visual Studio Solution File, Format Version 12.00
# Visual Studio Version 17
VisualStudioVersion = 17.14.36518.9 d17.14
MinimumVisualStudioVersion = 10.0.40219.1
Project("{FAE04EC0-301F-11D3-BF4B-00C04F79EFBC}") = "Quiz-Class", "Quiz-Class\Quiz-Class.csproj", "{86A3C570-7FA3-40AE-AEF2-0C278DCBB8B2}"
EndProject
Global
	GlobalSection(SolutionConfigurationPlatforms) = preSolution
		Debug|Any CPU = Debug|Any CPU
		Release|Any CPU = Release|Any CPU
	EndGlobalSection
	GlobalSection(ProjectConfigurationPlatforms) = postSolution
		{86A3C570-7FA3-40AE-AEF2-0C278DCBB8B2}.Debug|Any CPU.ActiveCfg = Debug|Any CPU
		{86A3C570-7FA3-40AE-AEF2-0C278DCBB8B2}.Debug|Any CPU.Build.0 = Debug|Any CPU
		{86A3C570-7FA3-40AE-AEF2-0C278DCBB8B2}.Release|Any CPU.ActiveCfg = Release|Any CPU
		{86A3C570-7FA3-40AE-AEF2-0C278DCBB8B2}.Release|Any CPU.Build.0 = Release|Any CPU
	EndGlobalSection
	GlobalSection(SolutionProperties) = preSolution
		HideSolutionNode = FALSE
	EndGlobalSection
	GlobalSection(ExtensibilityGlobals) = postSolution
		SolutionGuid = {876690E0-1FE8-4B0F-AC37-88C1D30C5003}
	EndGlobalSection
EndGlobal
