
Microsoft Visual Studio Solution File, Format Version 12.00
# Visual Studio Version 17
VisualStudioVersion = 17.14.36511.14
MinimumVisualStudioVersion = 10.0.40219.1
Project("{FAE04EC0-301F-11D3-BF4B-00C04F79EFBC}") = "User_Class", "User_Class.csproj", "{5518A17C-5CB9-43FF-85A8-97870C998EF4}"
EndProject
Project("{FAE04EC0-301F-11D3-BF4B-00C04F79EFBC}") = "UsersTest", "..\UserTest\UsersTest.csproj", "{6D5F5999-1F77-4B2E-BAEF-37899F5093D9}"
EndProject
Global
	GlobalSection(SolutionConfigurationPlatforms) = preSolution
		Debug|Any CPU = Debug|Any CPU
		Release|Any CPU = Release|Any CPU
	EndGlobalSection
	GlobalSection(ProjectConfigurationPlatforms) = postSolution
		{5518A17C-5CB9-43FF-85A8-97870C998EF4}.Debug|Any CPU.ActiveCfg = Debug|Any CPU
		{5518A17C-5CB9-43FF-85A8-97870C998EF4}.Debug|Any CPU.Build.0 = Debug|Any CPU
		{5518A17C-5CB9-43FF-85A8-97870C998EF4}.Release|Any CPU.ActiveCfg = Release|Any CPU
		{5518A17C-5CB9-43FF-85A8-97870C998EF4}.Release|Any CPU.Build.0 = Release|Any CPU
		{6D5F5999-1F77-4B2E-BAEF-37899F5093D9}.Debug|Any CPU.ActiveCfg = Debug|Any CPU
		{6D5F5999-1F77-4B2E-BAEF-37899F5093D9}.Debug|Any CPU.Build.0 = Debug|Any CPU
		{6D5F5999-1F77-4B2E-BAEF-37899F5093D9}.Release|Any CPU.ActiveCfg = Release|Any CPU
		{6D5F5999-1F77-4B2E-BAEF-37899F5093D9}.Release|Any CPU.Build.0 = Release|Any CPU
	EndGlobalSection
	GlobalSection(SolutionProperties) = preSolution
		HideSolutionNode = FALSE
	EndGlobalSection
	GlobalSection(ExtensibilityGlobals) = postSolution
		SolutionGuid = {F4246EFB-C3A3-420F-9693-91445CD9CC2B}
	EndGlobalSection
EndGlobal
